
Microsoft Visual Studio Solution File, Format Version 12.00
# Visual Studio 15
Project("{FAE04EC0-301F-11D3-BF4B-00C04F79EFBC}") = "Pastel", "Pastel\Pastel.csproj", "{5D059028-A8A9-492C-B474-116A9EC4053E}"
EndProject
Global
	GlobalSection(SolutionConfigurationPlatforms) = preSolution
		Debug|Any CPU = Debug|Any CPU
		Release|Any CPU = Release|Any CPU
	EndGlobalSection
	GlobalSection(ProjectConfigurationPlatforms) = postSolution
		{5D059028-A8A9-492C-B474-116A9EC4053E}.Debug|Any CPU.ActiveCfg = Debug|Any CPU
		{5D059028-A8A9-492C-B474-116A9EC4053E}.Debug|Any CPU.Build.0 = Debug|Any CPU
		{5D059028-A8A9-492C-B474-116A9EC4053E}.Release|Any CPU.ActiveCfg = Release|Any CPU
		{5D059028-A8A9-492C-B474-116A9EC4053E}.Release|Any CPU.Build.0 = Release|Any CPU
	EndGlobalSection
EndGlobal
